
Microsoft Visual Studio Solution File, Format Version 12.00
# Visual Studio Version 16
VisualStudioVersion = 16.0.34031.81
MinimumVisualStudioVersion = 10.0.40219.1
Project("{FAE04EC0-301F-11D3-BF4B-00C04F79EFBC}") = "SmartLock.UWP", "SmartLock\SmartLock.UWP\SmartLock.UWP.csproj", "{9E48469F-BB07-4C47-9CBC-7DB65F7F84BD}"
EndProject
Project("{FAE04EC0-301F-11D3-BF4B-00C04F79EFBC}") = "SmartLock.Android", "SmartLock\SmartLock.Android\SmartLock.Android.csproj", "{C37389AB-5E7F-4B44-98CD-EE484E02D1F0}"
EndProject
Project("{FAE04EC0-301F-11D3-BF4B-00C04F79EFBC}") = "SmartLock.iOS", "SmartLock\SmartLock.iOS\SmartLock.iOS.csproj", "{AB6782AB-FEC9-4AA3-A7BC-395BD590D776}"
EndProject
Project("{FAE04EC0-301F-11D3-BF4B-00C04F79EFBC}") = "SmartLock", "SmartLock\SmartLock\SmartLock.csproj", "{F74F444D-A8EB-464E-8FCE-8C9F7595794B}"
EndProject
Global
	GlobalSection(SolutionConfigurationPlatforms) = preSolution
		Debug|Any CPU = Debug|Any CPU
		Debug|ARM = Debug|ARM
		Debug|iPhone = Debug|iPhone
		Debug|iPhoneSimulator = Debug|iPhoneSimulator
		Debug|x64 = Debug|x64
		Debug|x86 = Debug|x86
		Release|Any CPU = Release|Any CPU
		Release|ARM = Release|ARM
		Release|iPhone = Release|iPhone
		Release|iPhoneSimulator = Release|iPhoneSimulator
		Release|x64 = Release|x64
		Release|x86 = Release|x86
	EndGlobalSection
	GlobalSection(ProjectConfigurationPlatforms) = postSolution
		{9E48469F-BB07-4C47-9CBC-7DB65F7F84BD}.Debug|Any CPU.ActiveCfg = Debug|x86
		{9E48469F-BB07-4C47-9CBC-7DB65F7F84BD}.Debug|Any CPU.Build.0 = Debug|x86
		{9E48469F-BB07-4C47-9CBC-7DB65F7F84BD}.Debug|Any CPU.Deploy.0 = Debug|x86
		{9E48469F-BB07-4C47-9CBC-7DB65F7F84BD}.Debug|ARM.ActiveCfg = Debug|ARM
		{9E48469F-BB07-4C47-9CBC-7DB65F7F84BD}.Debug|ARM.Build.0 = Debug|ARM
		{9E48469F-BB07-4C47-9CBC-7DB65F7F84BD}.Debug|ARM.Deploy.0 = Debug|ARM
		{9E48469F-BB07-4C47-9CBC-7DB65F7F84BD}.Debug|iPhone.ActiveCfg = Debug|x86
		{9E48469F-BB07-4C47-9CBC-7DB65F7F84BD}.Debug|iPhone.Build.0 = Debug|x86
		{9E48469F-BB07-4C47-9CBC-7DB65F7F84BD}.Debug|iPhone.Deploy.0 = Debug|x86
		{9E48469F-BB07-4C47-9CBC-7DB65F7F84BD}.Debug|iPhoneSimulator.ActiveCfg = Debug|x86
		{9E48469F-BB07-4C47-9CBC-7DB65F7F84BD}.Debug|iPhoneSimulator.Build.0 = Debug|x86
		{9E48469F-BB07-4C47-9CBC-7DB65F7F84BD}.Debug|iPhoneSimulator.Deploy.0 = Debug|x86
		{9E48469F-BB07-4C47-9CBC-7DB65F7F84BD}.Debug|x64.ActiveCfg = Debug|x64
		{9E48469F-BB07-4C47-9CBC-7DB65F7F84BD}.Debug|x64.Build.0 = Debug|x64
		{9E48469F-BB07-4C47-9CBC-7DB65F7F84BD}.Debug|x64.Deploy.0 = Debug|x64
		{9E48469F-BB07-4C47-9CBC-7DB65F7F84BD}.Debug|x86.ActiveCfg = Debug|x86
		{9E48469F-BB07-4C47-9CBC-7DB65F7F84BD}.Debug|x86.Build.0 = Debug|x86
		{9E48469F-BB07-4C47-9CBC-7DB65F7F84BD}.Debug|x86.Deploy.0 = Debug|x86
		{9E48469F-BB07-4C47-9CBC-7DB65F7F84BD}.Release|Any CPU.ActiveCfg = Release|x86
		{9E48469F-BB07-4C47-9CBC-7DB65F7F84BD}.Release|Any CPU.Build.0 = Release|x86
		{9E48469F-BB07-4C47-9CBC-7DB65F7F84BD}.Release|Any CPU.Deploy.0 = Release|x86
		{9E48469F-BB07-4C47-9CBC-7DB65F7F84BD}.Release|ARM.ActiveCfg = Release|ARM
		{9E48469F-BB07-4C47-9CBC-7DB65F7F84BD}.Release|ARM.Build.0 = Release|ARM
		{9E48469F-BB07-4C47-9CBC-7DB65F7F84BD}.Release|ARM.Deploy.0 = Release|ARM
		{9E48469F-BB07-4C47-9CBC-7DB65F7F84BD}.Release|iPhone.ActiveCfg = Release|x86
		{9E48469F-BB07-4C47-9CBC-7DB65F7F84BD}.Release|iPhone.Build.0 = Release|x86
		{9E48469F-BB07-4C47-9CBC-7DB65F7F84BD}.Release|iPhone.Deploy.0 = Release|x86
		{9E48469F-BB07-4C47-9CBC-7DB65F7F84BD}.Release|iPhoneSimulator.ActiveCfg = Release|x86
		{9E48469F-BB07-4C47-9CBC-7DB65F7F84BD}.Release|iPhoneSimulator.Build.0 = Release|x86
		{9E48469F-BB07-4C47-9CBC-7DB65F7F84BD}.Release|iPhoneSimulator.Deploy.0 = Release|x86
		{9E48469F-BB07-4C47-9CBC-7DB65F7F84BD}.Release|x64.ActiveCfg = Release|x64
		{9E48469F-BB07-4C47-9CBC-7DB65F7F84BD}.Release|x64.Build.0 = Release|x64
		{9E48469F-BB07-4C47-9CBC-7DB65F7F84BD}.Release|x64.Deploy.0 = Release|x64
		{9E48469F-BB07-4C47-9CBC-7DB65F7F84BD}.Release|x86.ActiveCfg = Release|x86
		{9E48469F-BB07-4C47-9CBC-7DB65F7F84BD}.Release|x86.Build.0 = Release|x86
		{9E48469F-BB07-4C47-9CBC-7DB65F7F84BD}.Release|x86.Deploy.0 = Release|x86
		{C37389AB-5E7F-4B44-98CD-EE484E02D1F0}.Debug|Any CPU.ActiveCfg = Debug|Any CPU
		{C37389AB-5E7F-4B44-98CD-EE484E02D1F0}.Debug|Any CPU.Build.0 = Debug|Any CPU
		{C37389AB-5E7F-4B44-98CD-EE484E02D1F0}.Debug|Any CPU.Deploy.0 = Debug|Any CPU
		{C37389AB-5E7F-4B44-98CD-EE484E02D1F0}.Debug|ARM.ActiveCfg = Debug|Any CPU
		{C37389AB-5E7F-4B44-98CD-EE484E02D1F0}.Debug|ARM.Build.0 = Debug|Any CPU
		{C37389AB-5E7F-4B44-98CD-EE484E02D1F0}.Debug|ARM.Deploy.0 = Debug|Any CPU
		{C37389AB-5E7F-4B44-98CD-EE484E02D1F0}.Debug|iPhone.ActiveCfg = Debug|Any CPU
		{C37389AB-5E7F-4B44-98CD-EE484E02D1F0}.Debug|iPhone.Build.0 = Debug|Any CPU
		{C37389AB-5E7F-4B44-98CD-EE484E02D1F0}.Debug|iPhone.Deploy.0 = Debug|Any CPU
		{C37389AB-5E7F-4B44-98CD-EE484E02D1F0}.Debug|iPhoneSimulator.ActiveCfg = Debug|Any CPU
		{C37389AB-5E7F-4B44-98CD-EE484E02D1F0}.Debug|iPhoneSimulator.Build.0 = Debug|Any CPU
		{C37389AB-5E7F-4B44-98CD-EE484E02D1F0}.Debug|iPhoneSimulator.Deploy.0 = Debug|Any CPU
		{C37389AB-5E7F-4B44-98CD-EE484E02D1F0}.Debug|x64.ActiveCfg = Debug|Any CPU
		{C37389AB-5E7F-4B44-98CD-EE484E02D1F0}.Debug|x64.Build.0 = Debug|Any CPU
		{C37389AB-5E7F-4B44-98CD-EE484E02D1F0}.Debug|x64.Deploy.0 = Debug|Any CPU
		{C37389AB-5E7F-4B44-98CD-EE484E02D1F0}.Debug|x86.ActiveCfg = Debug|Any CPU
		{C37389AB-5E7F-4B44-98CD-EE484E02D1F0}.Debug|x86.Build.0 = Debug|Any CPU
		{C37389AB-5E7F-4B44-98CD-EE484E02D1F0}.Debug|x86.Deploy.0 = Debug|Any CPU
		{C37389AB-5E7F-4B44-98CD-EE484E02D1F0}.Release|Any CPU.ActiveCfg = Release|Any CPU
		{C37389AB-5E7F-4B44-98CD-EE484E02D1F0}.Release|Any CPU.Build.0 = Release|Any CPU
		{C37389AB-5E7F-4B44-98CD-EE484E02D1F0}.Release|Any CPU.Deploy.0 = Release|Any CPU
		{C37389AB-5E7F-4B44-98CD-EE484E02D1F0}.Release|ARM.ActiveCfg = Release|Any CPU
		{C37389AB-5E7F-4B44-98CD-EE484E02D1F0}.Release|ARM.Build.0 = Release|Any CPU
		{C37389AB-5E7F-4B44-98CD-EE484E02D1F0}.Release|ARM.Deploy.0 = Release|Any CPU
		{C37389AB-5E7F-4B44-98CD-EE484E02D1F0}.Release|iPhone.ActiveCfg = Release|Any CPU
		{C37389AB-5E7F-4B44-98CD-EE484E02D1F0}.Release|iPhone.Build.0 = Release|Any CPU
		{C37389AB-5E7F-4B44-98CD-EE484E02D1F0}.Release|iPhone.Deploy.0 = Release|Any CPU
		{C37389AB-5E7F-4B44-98CD-EE484E02D1F0}.Release|iPhoneSimulator.ActiveCfg = Release|Any CPU
		{C37389AB-5E7F-4B44-98CD-EE484E02D1F0}.Release|iPhoneSimulator.Build.0 = Release|Any CPU
		{C37389AB-5E7F-4B44-98CD-EE484E02D1F0}.Release|iPhoneSimulator.Deploy.0 = Release|Any CPU
		{C37389AB-5E7F-4B44-98CD-EE484E02D1F0}.Release|x64.ActiveCfg = Release|Any CPU
		{C37389AB-5E7F-4B44-98CD-EE484E02D1F0}.Release|x64.Build.0 = Release|Any CPU
		{C37389AB-5E7F-4B44-98CD-EE484E02D1F0}.Release|x64.Deploy.0 = Release|Any CPU
		{C37389AB-5E7F-4B44-98CD-EE484E02D1F0}.Release|x86.ActiveCfg = Release|Any CPU
		{C37389AB-5E7F-4B44-98CD-EE484E02D1F0}.Release|x86.Build.0 = Release|Any CPU
		{C37389AB-5E7F-4B44-98CD-EE484E02D1F0}.Release|x86.Deploy.0 = Release|Any CPU
		{AB6782AB-FEC9-4AA3-A7BC-395BD590D776}.Debug|Any CPU.ActiveCfg = Debug|iPhoneSimulator
		{AB6782AB-FEC9-4AA3-A7BC-395BD590D776}.Debug|Any CPU.Build.0 = Debug|iPhoneSimulator
		{AB6782AB-FEC9-4AA3-A7BC-395BD590D776}.Debug|Any CPU.Deploy.0 = Debug|iPhoneSimulator
		{AB6782AB-FEC9-4AA3-A7BC-395BD590D776}.Debug|ARM.ActiveCfg = Debug|iPhone
		{AB6782AB-FEC9-4AA3-A7BC-395BD590D776}.Debug|ARM.Build.0 = Debug|iPhone
		{AB6782AB-FEC9-4AA3-A7BC-395BD590D776}.Debug|ARM.Deploy.0 = Debug|iPhone
		{AB6782AB-FEC9-4AA3-A7BC-395BD590D776}.Debug|iPhone.ActiveCfg = Debug|iPhone
		{AB6782AB-FEC9-4AA3-A7BC-395BD590D776}.Debug|iPhone.Build.0 = Debug|iPhone
		{AB6782AB-FEC9-4AA3-A7BC-395BD590D776}.Debug|iPhone.Deploy.0 = Debug|iPhone
		{AB6782AB-FEC9-4AA3-A7BC-395BD590D776}.Debug|iPhoneSimulator.ActiveCfg = Debug|iPhoneSimulator
		{AB6782AB-FEC9-4AA3-A7BC-395BD590D776}.Debug|iPhoneSimulator.Build.0 = Debug|iPhoneSimulator
		{AB6782AB-FEC9-4AA3-A7BC-395BD590D776}.Debug|iPhoneSimulator.Deploy.0 = Debug|iPhoneSimulator
		{AB6782AB-FEC9-4AA3-A7BC-395BD590D776}.Debug|x64.ActiveCfg = Debug|iPhoneSimulator
		{AB6782AB-FEC9-4AA3-A7BC-395BD590D776}.Debug|x64.Build.0 = Debug|iPhoneSimulator
		{AB6782AB-FEC9-4AA3-A7BC-395BD590D776}.Debug|x64.Deploy.0 = Debug|iPhoneSimulator
		{AB6782AB-FEC9-4AA3-A7BC-395BD590D776}.Debug|x86.ActiveCfg = Debug|iPhoneSimulator
		{AB6782AB-FEC9-4AA3-A7BC-395BD590D776}.Debug|x86.Build.0 = Debug|iPhoneSimulator
		{AB6782AB-FEC9-4AA3-A7BC-395BD590D776}.Debug|x86.Deploy.0 = Debug|iPhoneSimulator
		{AB6782AB-FEC9-4AA3-A7BC-395BD590D776}.Release|Any CPU.ActiveCfg = Release|iPhoneSimulator
		{AB6782AB-FEC9-4AA3-A7BC-395BD590D776}.Release|Any CPU.Build.0 = Release|iPhoneSimulator
		{AB6782AB-FEC9-4AA3-A7BC-395BD590D776}.Release|Any CPU.Deploy.0 = Release|iPhoneSimulator
		{AB6782AB-FEC9-4AA3-A7BC-395BD590D776}.Release|ARM.ActiveCfg = Release|iPhoneSimulator
		{AB6782AB-FEC9-4AA3-A7BC-395BD590D776}.Release|ARM.Build.0 = Release|iPhoneSimulator
		{AB6782AB-FEC9-4AA3-A7BC-395BD590D776}.Release|ARM.Deploy.0 = Release|iPhoneSimulator
		{AB6782AB-FEC9-4AA3-A7BC-395BD590D776}.Release|iPhone.ActiveCfg = Release|iPhone
		{AB6782AB-FEC9-4AA3-A7BC-395BD590D776}.Release|iPhone.Build.0 = Release|iPhone
		{AB6782AB-FEC9-4AA3-A7BC-395BD590D776}.Release|iPhone.Deploy.0 = Release|iPhone
		{AB6782AB-FEC9-4AA3-A7BC-395BD590D776}.Release|iPhoneSimulator.ActiveCfg = Release|iPhoneSimulator
		{AB6782AB-FEC9-4AA3-A7BC-395BD590D776}.Release|iPhoneSimulator.Build.0 = Release|iPhoneSimulator
		{AB6782AB-FEC9-4AA3-A7BC-395BD590D776}.Release|iPhoneSimulator.Deploy.0 = Release|iPhoneSimulator
		{AB6782AB-FEC9-4AA3-A7BC-395BD590D776}.Release|x64.ActiveCfg = Release|iPhoneSimulator
		{AB6782AB-FEC9-4AA3-A7BC-395BD590D776}.Release|x64.Build.0 = Release|iPhoneSimulator
		{AB6782AB-FEC9-4AA3-A7BC-395BD590D776}.Release|x64.Deploy.0 = Release|iPhoneSimulator
		{AB6782AB-FEC9-4AA3-A7BC-395BD590D776}.Release|x86.ActiveCfg = Release|iPhoneSimulator
		{AB6782AB-FEC9-4AA3-A7BC-395BD590D776}.Release|x86.Build.0 = Release|iPhoneSimulator
		{AB6782AB-FEC9-4AA3-A7BC-395BD590D776}.Release|x86.Deploy.0 = Release|iPhoneSimulator
		{F74F444D-A8EB-464E-8FCE-8C9F7595794B}.Debug|Any CPU.ActiveCfg = Debug|Any CPU
		{F74F444D-A8EB-464E-8FCE-8C9F7595794B}.Debug|Any CPU.Build.0 = Debug|Any CPU
		{F74F444D-A8EB-464E-8FCE-8C9F7595794B}.Debug|Any CPU.Deploy.0 = Debug|Any CPU
		{F74F444D-A8EB-464E-8FCE-8C9F7595794B}.Debug|ARM.ActiveCfg = Debug|Any CPU
		{F74F444D-A8EB-464E-8FCE-8C9F7595794B}.Debug|ARM.Build.0 = Debug|Any CPU
		{F74F444D-A8EB-464E-8FCE-8C9F7595794B}.Debug|ARM.Deploy.0 = Debug|Any CPU
		{F74F444D-A8EB-464E-8FCE-8C9F7595794B}.Debug|iPhone.ActiveCfg = Debug|Any CPU
		{F74F444D-A8EB-464E-8FCE-8C9F7595794B}.Debug|iPhone.Build.0 = Debug|Any CPU
		{F74F444D-A8EB-464E-8FCE-8C9F7595794B}.Debug|iPhone.Deploy.0 = Debug|Any CPU
		{F74F444D-A8EB-464E-8FCE-8C9F7595794B}.Debug|iPhoneSimulator.ActiveCfg = Debug|Any CPU
		{F74F444D-A8EB-464E-8FCE-8C9F7595794B}.Debug|iPhoneSimulator.Build.0 = Debug|Any CPU
		{F74F444D-A8EB-464E-8FCE-8C9F7595794B}.Debug|iPhoneSimulator.Deploy.0 = Debug|Any CPU
		{F74F444D-A8EB-464E-8FCE-8C9F7595794B}.Debug|x64.ActiveCfg = Debug|Any CPU
		{F74F444D-A8EB-464E-8FCE-8C9F7595794B}.Debug|x64.Build.0 = Debug|Any CPU
		{F74F444D-A8EB-464E-8FCE-8C9F7595794B}.Debug|x64.Deploy.0 = Debug|Any CPU
		{F74F444D-A8EB-464E-8FCE-8C9F7595794B}.Debug|x86.ActiveCfg = Debug|Any CPU
		{F74F444D-A8EB-464E-8FCE-8C9F7595794B}.Debug|x86.Build.0 = Debug|Any CPU
		{F74F444D-A8EB-464E-8FCE-8C9F7595794B}.Debug|x86.Deploy.0 = Debug|Any CPU
		{F74F444D-A8EB-464E-8FCE-8C9F7595794B}.Release|Any CPU.ActiveCfg = Release|Any CPU
		{F74F444D-A8EB-464E-8FCE-8C9F7595794B}.Release|Any CPU.Build.0 = Release|Any CPU
		{F74F444D-A8EB-464E-8FCE-8C9F7595794B}.Release|Any CPU.Deploy.0 = Release|Any CPU
		{F74F444D-A8EB-464E-8FCE-8C9F7595794B}.Release|ARM.ActiveCfg = Release|Any CPU
		{F74F444D-A8EB-464E-8FCE-8C9F7595794B}.Release|ARM.Build.0 = Release|Any CPU
		{F74F444D-A8EB-464E-8FCE-8C9F7595794B}.Release|ARM.Deploy.0 = Release|Any CPU
		{F74F444D-A8EB-464E-8FCE-8C9F7595794B}.Release|iPhone.ActiveCfg = Release|Any CPU
		{F74F444D-A8EB-464E-8FCE-8C9F7595794B}.Release|iPhone.Build.0 = Release|Any CPU
		{F74F444D-A8EB-464E-8FCE-8C9F7595794B}.Release|iPhone.Deploy.0 = Release|Any CPU
		{F74F444D-A8EB-464E-8FCE-8C9F7595794B}.Release|iPhoneSimulator.ActiveCfg = Release|Any CPU
		{F74F444D-A8EB-464E-8FCE-8C9F7595794B}.Release|iPhoneSimulator.Build.0 = Release|Any CPU
		{F74F444D-A8EB-464E-8FCE-8C9F7595794B}.Release|iPhoneSimulator.Deploy.0 = Release|Any CPU
		{F74F444D-A8EB-464E-8FCE-8C9F7595794B}.Release|x64.ActiveCfg = Release|Any CPU
		{F74F444D-A8EB-464E-8FCE-8C9F7595794B}.Release|x64.Build.0 = Release|Any CPU
		{F74F444D-A8EB-464E-8FCE-8C9F7595794B}.Release|x64.Deploy.0 = Release|Any CPU
		{F74F444D-A8EB-464E-8FCE-8C9F7595794B}.Release|x86.ActiveCfg = Release|Any CPU
		{F74F444D-A8EB-464E-8FCE-8C9F7595794B}.Release|x86.Build.0 = Release|Any CPU
		{F74F444D-A8EB-464E-8FCE-8C9F7595794B}.Release|x86.Deploy.0 = Release|Any CPU
	EndGlobalSection
	GlobalSection(SolutionProperties) = preSolution
		HideSolutionNode = FALSE
	EndGlobalSection
	GlobalSection(ExtensibilityGlobals) = postSolution
		SolutionGuid = {9B423417-5831-4893-96EE-742DE412F498}
	EndGlobalSection
EndGlobal
